
Microsoft Visual Studio Solution File, Format Version 12.00
# Visual Studio Version 17
VisualStudioVersion = 17.9.34728.123
MinimumVisualStudioVersion = 10.0.40219.1
Project("{2150E333-8FDC-42A3-9474-1A3956D46DE8}") = "src", "src", "{58068D71-1C9E-4623-BA81-D98DEF8B439F}"
EndProject
Project("{2150E333-8FDC-42A3-9474-1A3956D46DE8}") = "OrderService", "OrderService", "{11225987-5418-406E-BF7E-6FB77DD671C3}"
EndProject
Project("{2150E333-8FDC-42A3-9474-1A3956D46DE8}") = "ProductService", "ProductService", "{F9BA1F59-D637-431C-9D02-A6CF5D56716C}"
EndProject
Project("{2150E333-8FDC-42A3-9474-1A3956D46DE8}") = "ApiGateway", "ApiGateway", "{E2B41F84-FBF7-4FA6-B2A7-DE7CD7A9FDAC}"
EndProject
Project("{2150E333-8FDC-42A3-9474-1A3956D46DE8}") = "Shared", "Shared", "{18C04360-7187-470E-8BFF-C471ECE6B85B}"
EndProject
Project("{2150E333-8FDC-42A3-9474-1A3956D46DE8}") = "Solution Items", "Solution Items", "{8E4BE9E0-3182-46CA-A6B9-6A88BCCF5C39}"
	ProjectSection(SolutionItems) = preProject
		.gitignore = .gitignore
		docker-compose.yml = docker-compose.yml
		README.md = README.md
	EndProjectSection
EndProject
Project("{9A19103F-16F7-4668-BE54-9A1E7A4F7556}") = "OrderService.Api", "OrderService.Api\OrderService.Api.csproj", "{04767C9A-25D4-442E-AA9F-8E5979296116}"
EndProject
Project("{9A19103F-16F7-4668-BE54-9A1E7A4F7556}") = "OrderService.Infrastructure", "OrderService.Infrastructure\OrderService.Infrastructure.csproj", "{E49DC574-1EC5-4A8A-A1B9-0318C8211F58}"
EndProject
Project("{9A19103F-16F7-4668-BE54-9A1E7A4F7556}") = "OrderService.Domain", "OrderService.Domain\OrderService.Domain.csproj", "{B8A6034E-2F42-49AB-8C4A-6022F9D54D08}"
EndProject
Project("{9A19103F-16F7-4668-BE54-9A1E7A4F7556}") = "SharedKernel", "SharedKernel\SharedKernel.csproj", "{31E2638B-D3CE-431E-93D0-7E77A21D1CC1}"
EndProject
Project("{9A19103F-16F7-4668-BE54-9A1E7A4F7556}") = "EventBus", "EventBus\EventBus.csproj", "{1B523086-A141-47B8-AF27-70B4F8BA3BB3}"
EndProject
Project("{2150E333-8FDC-42A3-9474-1A3956D46DE8}") = "k8s", "k8s", "{52659BB5-0292-4506-AABF-4A3E0EF9B371}"
	ProjectSection(SolutionItems) = preProject
		order-deployment.yaml = order-deployment.yaml
		product-deployment.yaml = product-deployment.yaml
		rabbitmq-deployment.yaml = rabbitmq-deployment.yaml
		rabbitmq-service.yaml = rabbitmq-service.yaml
	EndProjectSection
EndProject
Project("{2150E333-8FDC-42A3-9474-1A3956D46DE8}") = "github", "github", "{F2BAC44E-54FE-46FF-9213-A26A85910A33}"
EndProject
Project("{2150E333-8FDC-42A3-9474-1A3956D46DE8}") = "workflows", "workflows", "{42CAFAE7-D802-4001-80FD-0C2F48ADE4E5}"
	ProjectSection(SolutionItems) = preProject
		ci-pipeline.yml = ci-pipeline.yml
	EndProjectSection
EndProject
Project("{9A19103F-16F7-4668-BE54-9A1E7A4F7556}") = "ProductService.Api", "ProductService.Api\ProductService.Api.csproj", "{89C86E96-1200-4874-808F-433D066CBFBF}"
EndProject
Project("{9A19103F-16F7-4668-BE54-9A1E7A4F7556}") = "ProductService.Infrastructure", "ProductService.Infrastructure\ProductService.Infrastructure.csproj", "{D37DFEFD-0A97-41DE-8971-367A9B5006F2}"
EndProject
Project("{9A19103F-16F7-4668-BE54-9A1E7A4F7556}") = "ProductService.Domain", "ProductService.Domain\ProductService.Domain.csproj", "{FB6F7F1D-B919-4C96-BA11-80E986B85301}"
EndProject
Project("{FAE04EC0-301F-11D3-BF4B-00C04F79EFBC}") = "ApiGateway", "ApiGateway\ApiGateway.csproj", "{B16594C2-DA23-4E6C-BCCF-54AD4A4BBF0E}"
EndProject
Project("{2150E333-8FDC-42A3-9474-1A3956D46DE8}") = "bitbucket", "bitbucket", "{BE699962-4E20-497A-8C4E-57FB961C4DCC}"
	ProjectSection(SolutionItems) = preProject
		bitbucket-pipelines.yml = bitbucket-pipelines.yml
	EndProjectSection
EndProject
Global
	GlobalSection(SolutionConfigurationPlatforms) = preSolution
		Debug|Any CPU = Debug|Any CPU
		Release|Any CPU = Release|Any CPU
	EndGlobalSection
	GlobalSection(ProjectConfigurationPlatforms) = postSolution
		{04767C9A-25D4-442E-AA9F-8E5979296116}.Debug|Any CPU.ActiveCfg = Debug|Any CPU
		{04767C9A-25D4-442E-AA9F-8E5979296116}.Debug|Any CPU.Build.0 = Debug|Any CPU
		{04767C9A-25D4-442E-AA9F-8E5979296116}.Release|Any CPU.ActiveCfg = Release|Any CPU
		{04767C9A-25D4-442E-AA9F-8E5979296116}.Release|Any CPU.Build.0 = Release|Any CPU
		{E49DC574-1EC5-4A8A-A1B9-0318C8211F58}.Debug|Any CPU.ActiveCfg = Debug|Any CPU
		{E49DC574-1EC5-4A8A-A1B9-0318C8211F58}.Debug|Any CPU.Build.0 = Debug|Any CPU
		{E49DC574-1EC5-4A8A-A1B9-0318C8211F58}.Release|Any CPU.ActiveCfg = Release|Any CPU
		{E49DC574-1EC5-4A8A-A1B9-0318C8211F58}.Release|Any CPU.Build.0 = Release|Any CPU
		{B8A6034E-2F42-49AB-8C4A-6022F9D54D08}.Debug|Any CPU.ActiveCfg = Debug|Any CPU
		{B8A6034E-2F42-49AB-8C4A-6022F9D54D08}.Debug|Any CPU.Build.0 = Debug|Any CPU
		{B8A6034E-2F42-49AB-8C4A-6022F9D54D08}.Release|Any CPU.ActiveCfg = Release|Any CPU
		{B8A6034E-2F42-49AB-8C4A-6022F9D54D08}.Release|Any CPU.Build.0 = Release|Any CPU
		{31E2638B-D3CE-431E-93D0-7E77A21D1CC1}.Debug|Any CPU.ActiveCfg = Debug|Any CPU
		{31E2638B-D3CE-431E-93D0-7E77A21D1CC1}.Debug|Any CPU.Build.0 = Debug|Any CPU
		{31E2638B-D3CE-431E-93D0-7E77A21D1CC1}.Release|Any CPU.ActiveCfg = Release|Any CPU
		{31E2638B-D3CE-431E-93D0-7E77A21D1CC1}.Release|Any CPU.Build.0 = Release|Any CPU
		{1B523086-A141-47B8-AF27-70B4F8BA3BB3}.Debug|Any CPU.ActiveCfg = Debug|Any CPU
		{1B523086-A141-47B8-AF27-70B4F8BA3BB3}.Debug|Any CPU.Build.0 = Debug|Any CPU
		{1B523086-A141-47B8-AF27-70B4F8BA3BB3}.Release|Any CPU.ActiveCfg = Release|Any CPU
		{1B523086-A141-47B8-AF27-70B4F8BA3BB3}.Release|Any CPU.Build.0 = Release|Any CPU
		{89C86E96-1200-4874-808F-433D066CBFBF}.Debug|Any CPU.ActiveCfg = Debug|Any CPU
		{89C86E96-1200-4874-808F-433D066CBFBF}.Debug|Any CPU.Build.0 = Debug|Any CPU
		{89C86E96-1200-4874-808F-433D066CBFBF}.Release|Any CPU.ActiveCfg = Release|Any CPU
		{89C86E96-1200-4874-808F-433D066CBFBF}.Release|Any CPU.Build.0 = Release|Any CPU
		{D37DFEFD-0A97-41DE-8971-367A9B5006F2}.Debug|Any CPU.ActiveCfg = Debug|Any CPU
		{D37DFEFD-0A97-41DE-8971-367A9B5006F2}.Debug|Any CPU.Build.0 = Debug|Any CPU
		{D37DFEFD-0A97-41DE-8971-367A9B5006F2}.Release|Any CPU.ActiveCfg = Release|Any CPU
		{D37DFEFD-0A97-41DE-8971-367A9B5006F2}.Release|Any CPU.Build.0 = Release|Any CPU
		{FB6F7F1D-B919-4C96-BA11-80E986B85301}.Debug|Any CPU.ActiveCfg = Debug|Any CPU
		{FB6F7F1D-B919-4C96-BA11-80E986B85301}.Debug|Any CPU.Build.0 = Debug|Any CPU
		{FB6F7F1D-B919-4C96-BA11-80E986B85301}.Release|Any CPU.ActiveCfg = Release|Any CPU
		{FB6F7F1D-B919-4C96-BA11-80E986B85301}.Release|Any CPU.Build.0 = Release|Any CPU
		{B16594C2-DA23-4E6C-BCCF-54AD4A4BBF0E}.Debug|Any CPU.ActiveCfg = Debug|Any CPU
		{B16594C2-DA23-4E6C-BCCF-54AD4A4BBF0E}.Debug|Any CPU.Build.0 = Debug|Any CPU
		{B16594C2-DA23-4E6C-BCCF-54AD4A4BBF0E}.Release|Any CPU.ActiveCfg = Release|Any CPU
		{B16594C2-DA23-4E6C-BCCF-54AD4A4BBF0E}.Release|Any CPU.Build.0 = Release|Any CPU
	EndGlobalSection
	GlobalSection(SolutionProperties) = preSolution
		HideSolutionNode = FALSE
	EndGlobalSection
	GlobalSection(NestedProjects) = preSolution
		{11225987-5418-406E-BF7E-6FB77DD671C3} = {58068D71-1C9E-4623-BA81-D98DEF8B439F}
		{F9BA1F59-D637-431C-9D02-A6CF5D56716C} = {58068D71-1C9E-4623-BA81-D98DEF8B439F}
		{E2B41F84-FBF7-4FA6-B2A7-DE7CD7A9FDAC} = {58068D71-1C9E-4623-BA81-D98DEF8B439F}
		{18C04360-7187-470E-8BFF-C471ECE6B85B} = {58068D71-1C9E-4623-BA81-D98DEF8B439F}
		{04767C9A-25D4-442E-AA9F-8E5979296116} = {11225987-5418-406E-BF7E-6FB77DD671C3}
		{E49DC574-1EC5-4A8A-A1B9-0318C8211F58} = {11225987-5418-406E-BF7E-6FB77DD671C3}
		{B8A6034E-2F42-49AB-8C4A-6022F9D54D08} = {11225987-5418-406E-BF7E-6FB77DD671C3}
		{31E2638B-D3CE-431E-93D0-7E77A21D1CC1} = {18C04360-7187-470E-8BFF-C471ECE6B85B}
		{1B523086-A141-47B8-AF27-70B4F8BA3BB3} = {18C04360-7187-470E-8BFF-C471ECE6B85B}
		{42CAFAE7-D802-4001-80FD-0C2F48ADE4E5} = {F2BAC44E-54FE-46FF-9213-A26A85910A33}
		{89C86E96-1200-4874-808F-433D066CBFBF} = {F9BA1F59-D637-431C-9D02-A6CF5D56716C}
		{D37DFEFD-0A97-41DE-8971-367A9B5006F2} = {F9BA1F59-D637-431C-9D02-A6CF5D56716C}
		{FB6F7F1D-B919-4C96-BA11-80E986B85301} = {F9BA1F59-D637-431C-9D02-A6CF5D56716C}
		{B16594C2-DA23-4E6C-BCCF-54AD4A4BBF0E} = {E2B41F84-FBF7-4FA6-B2A7-DE7CD7A9FDAC}
	EndGlobalSection
	GlobalSection(ExtensibilityGlobals) = postSolution
		SolutionGuid = {466B5FB4-5042-47DD-A6AB-4F6E6216DAC5}
	EndGlobalSection
EndGlobal
